hash: f11a30e6f9067bf4d9682cd5360886ec48cfd3b9bede572e0fb0f8199fafdbd1
updated: 2017-05-14T10:11:29.014017408-07:00
imports:
- name: github.com/gorilla/context
  version: 08b5f424b9271eedf6f9f0ce86cb9396ed337a42
- name: github.com/gorilla/mux
  version: 392c28fe23e1c45ddba891b0320b3b5df220beea
- name: github.com/howeyc/gopass
  version: bf9dde6d0d2c004a008c27aaee91170c786f6db8
- name: github.com/keybase/go-keychain
  version: fc621735da119d43461364cb0a35937cb95d4dd9
- name: github.com/tcnksm/go-gitconfig
  version: d154598bacbf4501c095a309753c5d4af66caa81
- name: github.com/urfave/cli
  version: 0bdeddeeb0f650497d603c4ad7b20cfe685682f6
- name: golang.org/x/crypto
  version: bed12803fa9663d7aa2c2346b0c634ad2dcd43b7
  subpackages:
  - ssh/terminal
- name: golang.org/x/net
  version: 41bba8d80bbfab43231ffdf4c210037baae5f6a3
  subpackages:
  - publicsuffix
- name: golang.org/x/sys
  version: 7a6e5648d140666db5d920909e082ca00a87ba2c
  subpackages:
  - unix
- name: gopkg.in/resty.v0
  version: 2e0c2310ba20c7edb6162ea2f6c0d5bba2e5e56d
testImports: []
